
Microsoft Visual Studio Solution File, Format Version 12.00
# Visual Studio Version 16
VisualStudioVersion = 16.0.30907.101
MinimumVisualStudioVersion = 10.0.40219.1
Project("{FAE04EC0-301F-11D3-BF4B-00C04F79EFBC}") = "ReactivePropertyPractice", "ReactivePropertyPractice\ReactivePropertyPractice.csproj", "{AD2BB73B-B109-49CE-8E33-F2821E54F907}"
EndProject
Global
	GlobalSection(SolutionConfigurationPlatforms) = preSolution
		Debug|Any CPU = Debug|Any CPU
		Release|Any CPU = Release|Any CPU
	EndGlobalSection
	GlobalSection(ProjectConfigurationPlatforms) = postSolution
		{AD2BB73B-B109-49CE-8E33-F2821E54F907}.Debug|Any CPU.ActiveCfg = Debug|Any CPU
		{AD2BB73B-B109-49CE-8E33-F2821E54F907}.Debug|Any CPU.Build.0 = Debug|Any CPU
		{AD2BB73B-B109-49CE-8E33-F2821E54F907}.Debug|Any CPU.Deploy.0 = Debug|Any CPU
		{AD2BB73B-B109-49CE-8E33-F2821E54F907}.Release|Any CPU.ActiveCfg = Release|Any CPU
		{AD2BB73B-B109-49CE-8E33-F2821E54F907}.Release|Any CPU.Build.0 = Release|Any CPU
		{AD2BB73B-B109-49CE-8E33-F2821E54F907}.Release|Any CPU.Deploy.0 = Release|Any CPU
	EndGlobalSection
	GlobalSection(SolutionProperties) = preSolution
		HideSolutionNode = FALSE
	EndGlobalSection
	GlobalSection(ExtensibilityGlobals) = postSolution
		SolutionGuid = {4A7841C5-E615-42BE-B43A-0167177565D3}
	EndGlobalSection
EndGlobal
